
Microsoft Visual Studio Solution File, Format Version 12.00
# Visual Studio Version 17
VisualStudioVersion = 17.4.33213.308
MinimumVisualStudioVersion = 10.0.40219.1
Project("{9A19103F-16F7-4668-BE54-9A1E7A4F7556}") = "BankingWebAPI", "BankingWebAPI.csproj", "{78E30AC2-73F7-472E-9C02-0FFB00C3FAA0}"
EndProject
Project("{FAE04EC0-301F-11D3-BF4B-00C04F79EFBC}") = "bankingWebAPI_Gherkin", "..\bankingWebAPI_Gherkin\bankingWebAPI_Gherkin.csproj", "{1DC8ED3B-7210-4552-833E-C658088DBDC3}"
EndProject
Global
	GlobalSection(SolutionConfigurationPlatforms) = preSolution
		Debug|Any CPU = Debug|Any CPU
		Release|Any CPU = Release|Any CPU
	EndGlobalSection
	GlobalSection(ProjectConfigurationPlatforms) = postSolution
		{78E30AC2-73F7-472E-9C02-0FFB00C3FAA0}.Debug|Any CPU.ActiveCfg = Debug|Any CPU
		{78E30AC2-73F7-472E-9C02-0FFB00C3FAA0}.Debug|Any CPU.Build.0 = Debug|Any CPU
		{78E30AC2-73F7-472E-9C02-0FFB00C3FAA0}.Release|Any CPU.ActiveCfg = Release|Any CPU
		{78E30AC2-73F7-472E-9C02-0FFB00C3FAA0}.Release|Any CPU.Build.0 = Release|Any CPU
		{1DC8ED3B-7210-4552-833E-C658088DBDC3}.Debug|Any CPU.ActiveCfg = Debug|Any CPU
		{1DC8ED3B-7210-4552-833E-C658088DBDC3}.Debug|Any CPU.Build.0 = Debug|Any CPU
		{1DC8ED3B-7210-4552-833E-C658088DBDC3}.Release|Any CPU.ActiveCfg = Release|Any CPU
		{1DC8ED3B-7210-4552-833E-C658088DBDC3}.Release|Any CPU.Build.0 = Release|Any CPU
	EndGlobalSection
	GlobalSection(SolutionProperties) = preSolution
		HideSolutionNode = FALSE
	EndGlobalSection
	GlobalSection(ExtensibilityGlobals) = postSolution
		SolutionGuid = {9454A576-A7BA-4429-B633-892E994F0521}
	EndGlobalSection
EndGlobal
